
Microsoft Visual Studio Solution File, Format Version 12.00
# Visual Studio Version 17
VisualStudioVersion = 17.6.33829.357
MinimumVisualStudioVersion = 10.0.40219.1
Project("{FAE04EC0-301F-11D3-BF4B-00C04F79EFBC}") = "KitapTutariHesaplama", "KitapTutariHesaplama.csproj", "{C708C2FD-37CE-4993-A258-26D9ADFBD612}"
EndProject
Global
	GlobalSection(SolutionConfigurationPlatforms) = preSolution
		Debug|Any CPU = Debug|Any CPU
		Release|Any CPU = Release|Any CPU
	EndGlobalSection
	GlobalSection(ProjectConfigurationPlatforms) = postSolution
		{C708C2FD-37CE-4993-A258-26D9ADFBD612}.Debug|Any CPU.ActiveCfg = Debug|Any CPU
		{C708C2FD-37CE-4993-A258-26D9ADFBD612}.Debug|Any CPU.Build.0 = Debug|Any CPU
		{C708C2FD-37CE-4993-A258-26D9ADFBD612}.Release|Any CPU.ActiveCfg = Release|Any CPU
		{C708C2FD-37CE-4993-A258-26D9ADFBD612}.Release|Any CPU.Build.0 = Release|Any CPU
	EndGlobalSection
	GlobalSection(SolutionProperties) = preSolution
		HideSolutionNode = FALSE
	EndGlobalSection
	GlobalSection(ExtensibilityGlobals) = postSolution
		SolutionGuid = {9AE19136-20F3-4D19-BEDF-06C06C2D2F21}
	EndGlobalSection
EndGlobal
